# This file is automatically @generated by Cargo.
# It is not intended for manual editing.
version = 3

[[package]]
name = "climbing-the-leaderboard"
version = "0.1.0"

[[package]]
name = "compare-the-triplets"
version = "0.1.0"

[[package]]
name = "magic-square-forming"
version = "0.1.0"

[[package]]
name = "simple-array-sum"
version = "0.1.0"

[[package]]
name = "solve-me-first"
version = "0.1.0"
